// !$*UTF8*$!
{
	archiveVersion = 1;
	classes = {
	};
	objectVersion = 50;
	objects = {

/* Begin PBXBuildFile section */
		1744603722F96D5300D33B82 /* AppDelegate.m in Sources */ = {isa = PBXBuildFile; fileRef = 1744603622F96D5300D33B82 /* AppDelegate.m */; };
		1744603A22F96D5300D33B82 /* ViewController.m in Sources */ = {isa = PBXBuildFile; fileRef = 1744603922F96D5300D33B82 /* ViewController.m */; };
		1744603D22F96D5300D33B82 /* Main.storyboard in Resources */ = {isa = PBXBuildFile; fileRef = 1744603B22F96D5300D33B82 /* Main.storyboard */; };
		1744603F22F96D5400D33B82 /* Assets.xcassets in Resources */ = {isa = PBXBuildFile; fileRef = 1744603E22F96D5400D33B82 /* Assets.xcassets */; };
		1744604222F96D5400D33B82 /* LaunchScreen.storyboard in Resources */ = {isa = PBXBuildFile; fileRef = 1744604022F96D5400D33B82 /* LaunchScreen.storyboard */; };
		1744604522F96D5400D33B82 /* main.m in Sources */ = {isa = PBXBuildFile; fileRef = 1744604422F96D5400D33B82 /* main.m */; };
		1744604F22F96D5500D33B82 /* CallFunction_baseTests.m in Sources */ = {isa = PBXBuildFile; fileRef = 1744604E22F96D5500D33B82 /* CallFunction_baseTests.m */; };
		1744605A22F96D5500D33B82 /* CallFunction_baseUITests.m in Sources */ = {isa = PBXBuildFile; fileRef = 1744605922F96D5500D33B82 /* CallFunction_baseUITests.m */; };
		1744606922F97D5E00D33B82 /* MessageUI.framework in Frameworks */ = {isa = PBXBuildFile; fileRef = 1744606822F97D5E00D33B82 /* MessageUI.framework */; };
/* End PBXBuildFile section */

/* Begin PBXContainerItemProxy section */
		1744604B22F96D5500D33B82 /* PBXContainerItemProxy */ = {
			isa = PBXContainerItemProxy;
			containerPortal = 1744602A22F96D5300D33B82 /* Project object */;
			proxyType = 1;
			remoteGlobalIDString = 1744603122F96D5300D33B82;
			remoteInfo = CallFunction_base;
		};
		1744605622F96D5500D33B82 /* PBXContainerItemProxy */ = {
			isa = PBXContainerItemProxy;
			containerPortal = 1744602A22F96D5300D33B82 /* Project object */;
			proxyType = 1;
			remoteGlobalIDString = 1744603122F96D5300D33B82;
			remoteInfo = CallFunction_base;
		};
/* End PBXContainerItemProxy section */

/* Begin PBXFileReference section */
		1744603222F96D5300D33B82 /* CallFunction_base.app */ = {isa = PBXFileReference; explicitFileType = wrapper.application; includeInIndex = 0; path = CallFunction_base.app; sourceTree = BUILT_PRODUCTS_DIR; };
		1744603522F96D5300D33B82 /* AppDelegate.h */ = {isa = PBXFileReference; lastKnownFileType = sourcecode.c.h; path = AppDelegate.h; sourceTree = "<group>"; };
		1744603622F96D5300D33B82 /* AppDelegate.m */ = {isa = PBXFileReference; lastKnownFileType = sourcecode.c.objc; path = AppDelegate.m; sourceTree = "<group>"; };
		1744603822F96D5300D33B82 /* ViewController.h */ = {isa = PBXFileReference; lastKnownFileType = sourcecode.c.h; path = ViewController.h; sourceTree = "<group>"; };
		1744603922F96D5300D33B82 /* ViewController.m */ = {isa = PBXFileReference; lastKnownFileType = sourcecode.c.objc; path = ViewController.m; sourceTree = "<group>"; };
		1744603C22F96D5300D33B82 /* Base */ = {isa = PBXFileReference; lastKnownFileType = file.storyboard; name = Base; path = Base.lproj/Main.storyboard; sourceTree = "<group>"; };
		1744603E22F96D5400D33B82 /* Assets.xcassets */ = {isa = PBXFileReference; lastKnownFileType = folder.assetcatalog; path = Assets.xcassets; sourceTree = "<group>"; };
		1744604122F96D5400D33B82 /* Base */ = {isa = PBXFileReference; lastKnownFileType = file.storyboard; name = Base; path = Base.lproj/LaunchScreen.storyboard; sourceTree = "<group>"; };
		1744604322F96D5400D33B82 /* Info.plist */ = {isa = PBXFileReference; lastKnownFileType = text.plist.xml; path = Info.plist; sourceTree = "<group>"; };
		1744604422F96D5400D33B82 /* main.m */ = {isa = PBXFileReference; lastKnownFileType = sourcecode.c.objc; path = main.m; sourceTree = "<group>"; };
		1744604A22F96D5500D33B82 /* CallFunction_baseTests.xctest */ = {isa = PBXFileReference; explicitFileType = wrapper.cfbundle; includeInIndex = 0; path = CallFunction_baseTests.xctest; sourceTree = BUILT_PRODUCTS_DIR; };
		1744604E22F96D5500D33B82 /* CallFunction_baseTests.m */ = {isa = PBXFileReference; lastKnownFileType = sourcecode.c.objc; path = CallFunction_baseTests.m; sourceTree = "<group>"; };
		1744605022F96D5500D33B82 /* Info.plist */ = {isa = PBXFileReference; lastKnownFileType = text.plist.xml; path = Info.plist; sourceTree = "<group>"; };
		1744605522F96D5500D33B82 /* CallFunction_baseUITests.xctest */ = {isa = PBXFileReference; explicitFileType = wrapper.cfbundle; includeInIndex = 0; path = CallFunction_baseUITests.xctest; sourceTree = BUILT_PRODUCTS_DIR; };
		1744605922F96D5500D33B82 /* CallFunction_baseUITests.m */ = {isa = PBXFileReference; lastKnownFileType = sourcecode.c.objc; path = CallFunction_baseUITests.m; sourceTree = "<group>"; };
		1744605B22F96D5500D33B82 /* Info.plist */ = {isa = PBXFileReference; lastKnownFileType = text.plist.xml; path = Info.plist; sourceTree = "<group>"; };
		1744606822F97D5E00D33B82 /* MessageUI.framework */ = {isa = PBXFileReference; lastKnownFileType = wrapper.framework; name = MessageUI.framework; path = System/Library/Frameworks/MessageUI.framework; sourceTree = SDKROOT; };
/* End PBXFileReference section */

/* Begin PBXFrameworksBuildPhase section */
		1744602F22F96D5300D33B82 /* Frameworks */ = {
			isa = PBXFrameworksBuildPhase;
			buildActionMask = 2147483647;
			files = (
				1744606922F97D5E00D33B82 /* MessageUI.framework in Frameworks */,
			);
			runOnlyForDeploymentPostprocessing = 0;
		};
		1744604722F96D5500D33B82 /* Frameworks */ = {
			isa = PBXFrameworksBuildPhase;
			buildActionMask = 2147483647;
			files = (
			);
			runOnlyForDeploymentPostprocessing = 0;
		};
		1744605222F96D5500D33B82 /* Frameworks */ = {
			isa = PBXFrameworksBuildPhase;
			buildActionMask = 2147483647;
			files = (
			);
			runOnlyForDeploymentPostprocessing = 0;
		};
/* End PBXFrameworksBuildPhase section */

/* Begin PBXGroup section */
		1744602922F96D5300D33B82 = {
			isa = PBXGroup;
			children = (
				1744603422F96D5300D33B82 /* CallFunction_base */,
				1744604D22F96D5500D33B82 /* CallFunction_baseTests */,
				1744605822F96D5500D33B82 /* CallFunction_baseUITests */,
				1744603322F96D5300D33B82 /* Products */,
				1744606722F97D5E00D33B82 /* Frameworks */,
			);
			sourceTree = "<group>";
		};
		1744603322F96D5300D33B82 /* Products */ = {
			isa = PBXGroup;
			children = (
				1744603222F96D5300D33B82 /* CallFunction_base.app */,
				1744604A22F96D5500D33B82 /* CallFunction_baseTests.xctest */,
				1744605522F96D5500D33B82 /* CallFunction_baseUITests.xctest */,
			);
			name = Products;
			sourceTree = "<group>";
		};
		1744603422F96D5300D33B82 /* CallFunction_base */ = {
			isa = PBXGroup;
			children = (
				1744603522F96D5300D33B82 /* AppDelegate.h */,
				1744603622F96D5300D33B82 /* AppDelegate.m */,
				1744603822F96D5300D33B82 /* ViewController.h */,
				1744603922F96D5300D33B82 /* ViewController.m */,
				1744603B22F96D5300D33B82 /* Main.storyboard */,
				1744603E22F96D5400D33B82 /* Assets.xcassets */,
				1744604022F96D5400D33B82 /* LaunchScreen.storyboard */,
				1744604322F96D5400D33B82 /* Info.plist */,
				1744604422F96D5400D33B82 /* main.m */,
			);
			path = CallFunction_base;
			sourceTree = "<group>";
		};
		1744604D22F96D5500D33B82 /* CallFunction_baseTests */ = {
			isa = PBXGroup;
			children = (
				1744604E22F96D5500D33B82 /* CallFunction_baseTests.m */,
				1744605022F96D5500D33B82 /* Info.plist */,
			);
			path = CallFunction_baseTests;
			sourceTree = "<group>";
		};
		1744605822F96D5500D33B82 /* CallFunction_baseUITests */ = {
			isa = PBXGroup;
			children = (
				1744605922F96D5500D33B82 /* CallFunction_baseUITests.m */,
				1744605B22F96D5500D33B82 /* Info.plist */,
			);
			path = CallFunction_baseUITests;
			sourceTree = "<group>";
		};
		1744606722F97D5E00D33B82 /* Frameworks */ = {
			isa = PBXGroup;
			children = (
				1744606822F97D5E00D33B82 /* MessageUI.framework */,
			);
			name = Frameworks;
			sourceTree = "<group>";
		};
/* End PBXGroup section */

/* Begin PBXNativeTarget section */
		1744603122F96D5300D33B82 /* CallFunction_base */ = {
			isa = PBXNativeTarget;
			buildConfigurationList = 1744605E22F96D5500D33B82 /* Build configuration list for PBXNativeTarget "CallFunction_base" */;
			buildPhases = (
				1744602E22F96D5300D33B82 /* Sources */,
				1744602F22F96D5300D33B82 /* Frameworks */,
				1744603022F96D5300D33B82 /* Resources */,
			);
			buildRules = (
			);
			dependencies = (
			);
			name = CallFunction_base;
			productName = CallFunction_base;
			productReference = 1744603222F96D5300D33B82 /* CallFunction_base.app */;
			productType = "com.apple.product-type.application";
		};
		1744604922F96D5500D33B82 /* CallFunction_baseTests */ = {
			isa = PBXNativeTarget;
			buildConfigurationList = 1744606122F96D5500D33B82 /* Build configuration list for PBXNativeTarget "CallFunction_baseTests" */;
			buildPhases = (
				1744604622F96D5500D33B82 /* Sources */,
				1744604722F96D5500D33B82 /* Frameworks */,
				1744604822F96D5500D33B82 /* Resources */,
			);
			buildRules = (
			);
			dependencies = (
				1744604C22F96D5500D33B82 /* PBXTargetDependency */,
			);
			name = CallFunction_baseTests;
			productName = CallFunction_baseTests;
			productReference = 1744604A22F96D5500D33B82 /* CallFunction_baseTests.xctest */;
			productType = "com.apple.product-type.bundle.unit-test";
		};
		1744605422F96D5500D33B82 /* CallFunction_baseUITests */ = {
			isa = PBXNativeTarget;
			buildConfigurationList = 1744606422F96D5500D33B82 /* Build configuration list for PBXNativeTarget "CallFunction_baseUITests" */;
			buildPhases = (
				1744605122F96D5500D33B82 /* Sources */,
				1744605222F96D5500D33B82 /* Frameworks */,
				1744605322F96D5500D33B82 /* Resources */,
			);
			buildRules = (
			);
			dependencies = (
				1744605722F96D5500D33B82 /* PBXTargetDependency */,
			);
			name = CallFunction_baseUITests;
			productName = CallFunction_baseUITests;
			productReference = 1744605522F96D5500D33B82 /* CallFunction_baseUITests.xctest */;
			productType = "com.apple.product-type.bundle.ui-testing";
		};
/* End PBXNativeTarget section */

/* Begin PBXProject section */
		1744602A22F96D5300D33B82 /* Project object */ = {
			isa = PBXProject;
			attributes = {
				LastUpgradeCheck = 1010;
				ORGANIZATIONNAME = Shae;
				TargetAttributes = {
					1744603122F96D5300D33B82 = {
						CreatedOnToolsVersion = 10.1;
					};
					1744604922F96D5500D33B82 = {
						CreatedOnToolsVersion = 10.1;
						TestTargetID = 1744603122F96D5300D33B82;
					};
					1744605422F96D5500D33B82 = {
						CreatedOnToolsVersion = 10.1;
						TestTargetID = 1744603122F96D5300D33B82;
					};
				};
			};
			buildConfigurationList = 1744602D22F96D5300D33B82 /* Build configuration list for PBXProject "CallFunction_base" */;
			compatibilityVersion = "Xcode 9.3";
			developmentRegion = en;
			hasScannedForEncodings = 0;
			knownRegions = (
				en,
				Base,
			);
			mainGroup = 1744602922F96D5300D33B82;
			productRefGroup = 1744603322F96D5300D33B82 /* Products */;
			projectDirPath = "";
			projectRoot = "";
			targets = (
				1744603122F96D5300D33B82 /* CallFunction_base */,
				1744604922F96D5500D33B82 /* CallFunction_baseTests */,
				1744605422F96D5500D33B82 /* CallFunction_baseUITests */,
			);
		};
/* End PBXProject section */

/* Begin PBXResourcesBuildPhase section */
		1744603022F96D5300D33B82 /* Resources */ = {
			isa = PBXResourcesBuildPhase;
			buildActionMask = 2147483647;
			files = (
				1744604222F96D5400D33B82 /* LaunchScreen.storyboard in Resources */,
				1744603F22F96D5400D33B82 /* Assets.xcassets in Resources */,
				1744603D22F96D5300D33B82 /* Main.storyboard in Resources */,
			);
			runOnlyForDeploymentPostprocessing = 0;
		};
		1744604822F96D5500D33B82 /* Resources */ = {
			isa = PBXResourcesBuildPhase;
			buildActionMask = 2147483647;
			files = (
			);
			runOnlyForDeploymentPostprocessing = 0;
		};
		1744605322F96D5500D33B82 /* Resources */ = {
			isa = PBXResourcesBuildPhase;
			buildActionMask = 2147483647;
			files = (
			);
			runOnlyForDeploymentPostprocessing = 0;
		};
/* End PBXResourcesBuildPhase section */

/* Begin PBXSourcesBuildPhase section */
		1744602E22F96D5300D33B82 /* Sources */ = {
			isa = PBXSourcesBuildPhase;
			buildActionMask = 2147483647;
			files = (
				1744603A22F96D5300D33B82 /* ViewController.m in Sources */,
				1744604522F96D5400D33B82 /* main.m in Sources */,
				1744603722F96D5300D33B82 /* AppDelegate.m in Sources */,
			);
			runOnlyForDeploymentPostprocessing = 0;
		};
		1744604622F96D5500D33B82 /* Sources */ = {
			isa = PBXSourcesBuildPhase;
			buildActionMask = 2147483647;
			files = (
				1744604F22F96D5500D33B82 /* CallFunction_baseTests.m in Sources */,
			);
			runOnlyForDeploymentPostprocessing = 0;
		};
		1744605122F96D5500D33B82 /* Sources */ = {
			isa = PBXSourcesBuildPhase;
			buildActionMask = 2147483647;
			files = (
				1744605A22F96D5500D33B82 /* CallFunction_baseUITests.m in Sources */,
			);
			runOnlyForDeploymentPostprocessing = 0;
		};
/* End PBXSourcesBuildPhase section */

/* Begin PBXTargetDependency section */
		1744604C22F96D5500D33B82 /* PBXTargetDependency */ = {
			isa = PBXTargetDependency;
			target = 1744603122F96D5300D33B82 /* CallFunction_base */;
			targetProxy = 1744604B22F96D5500D33B82 /* PBXContainerItemProxy */;
		};
		1744605722F96D5500D33B82 /* PBXTargetDependency */ = {
			isa = PBXTargetDependency;
			target = 1744603122F96D5300D33B82 /* CallFunction_base */;
			targetProxy = 1744605622F96D5500D33B82 /* PBXContainerItemProxy */;
		};
/* End PBXTargetDependency section */

/* Begin PBXVariantGroup section */
		1744603B22F96D5300D33B82 /* Main.storyboard */ = {
			isa = PBXVariantGroup;
			children = (
				1744603C22F96D5300D33B82 /* Base */,
			);
			name = Main.storyboard;
			sourceTree = "<group>";
		};
		1744604022F96D5400D33B82 /* LaunchScreen.storyboard */ = {
			isa = PBXVariantGroup;
			children = (
				1744604122F96D5400D33B82 /* Base */,
			);
			name = LaunchScreen.storyboard;
			sourceTree = "<group>";
		};
/* End PBXVariantGroup section */

/* Begin XCBuildConfiguration section */
		1744605C22F96D5500D33B82 /* Debug */ = {
			isa = XCBuildConfiguration;
			buildSettings = {
				ALWAYS_SEARCH_USER_PATHS = NO;
				CLANG_ANALYZER_NONNULL = YES;
				CLANG_ANALYZER_NUMBER_OBJECT_CONVERSION = YES_AGGRESSIVE;
				CLANG_CXX_LANGUAGE_STANDARD = "gnu++14";
				CLANG_CXX_LIBRARY = "libc++";
				CLANG_ENABLE_MODULES = YES;
				CLANG_ENABLE_OBJC_ARC = YES;
				CLANG_ENABLE_OBJC_WEAK = YES;
				CLANG_WARN_BLOCK_CAPTURE_AUTORELEASING = YES;
				CLANG_WARN_BOOL_CONVERSION = YES;
				CLANG_WARN_COMMA = YES;
				CLANG_WARN_CONSTANT_CONVERSION = YES;
				CLANG_WARN_DEPRECATED_OBJC_IMPLEMENTATIONS = YES;
				CLANG_WARN_DIRECT_OBJC_ISA_USAGE = YES_ERROR;
				CLANG_WARN_DOCUMENTATION_COMMENTS = YES;
				CLANG_WARN_EMPTY_BODY = YES;
				CLANG_WARN_ENUM_CONVERSION = YES;
				CLANG_WARN_INFINITE_RECURSION = YES;
				CLANG_WARN_INT_CONVERSION = YES;
				CLANG_WARN_NON_LITERAL_NULL_CONVERSION = YES;
				CLANG_WARN_OBJC_IMPLICIT_RETAIN_SELF = YES;
				CLANG_WARN_OBJC_LITERAL_CONVERSION = YES;
				CLANG_WARN_OBJC_ROOT_CLASS = YES_ERROR;
				CLANG_WARN_RANGE_LOOP_ANALYSIS = YES;
				CLANG_WARN_STRICT_PROTOTYPES = YES;
				CLANG_WARN_SUSPICIOUS_MOVE = YES;
				CLANG_WARN_UNGUARDED_AVAILABILITY = YES_AGGRESSIVE;
				CLANG_WARN_UNREACHABLE_CODE = YES;
				CLANG_WARN__DUPLICATE_METHOD_MATCH = YES;
				CODE_SIGN_IDENTITY = "iPhone Developer";
				COPY_PHASE_STRIP = NO;
				DEBUG_INFORMATION_FORMAT = dwarf;
				ENABLE_STRICT_OBJC_MSGSEND = YES;
				ENABLE_TESTABILITY = YES;
				GCC_C_LANGUAGE_STANDARD = gnu11;
				GCC_DYNAMIC_NO_PIC = NO;
				GCC_NO_COMMON_BLOCKS = YES;
				GCC_OPTIMIZATION_LEVEL = 0;
				GCC_PREPROCESSOR_DEFINITIONS = (
					"DEBUG=1",
					"$(inherited)",
				);
				GCC_WARN_64_TO_32_BIT_CONVERSION = YES;
				GCC_WARN_ABOUT_RETURN_TYPE = YES_ERROR;
				GCC_WARN_UNDECLARED_SELECTOR = YES;
				GCC_WARN_UNINITIALIZED_AUTOS = YES_AGGRESSIVE;
				GCC_WARN_UNUSED_FUNCTION = YES;
				GCC_WARN_UNUSED_VARIABLE = YES;
				IPHONEOS_DEPLOYMENT_TARGET = 12.1;
				MTL_ENABLE_DEBUG_INFO = INCLUDE_SOURCE;
				MTL_FAST_MATH = YES;
				ONLY_ACTIVE_ARCH = YES;
				SDKROOT = iphoneos;
			};
			name = Debug;
		};
		1744605D22F96D5500D33B82 /* Release */ = {
			isa = XCBuildConfiguration;
			buildSettings = {
				ALWAYS_SEARCH_USER_PATHS = NO;
				CLANG_ANALYZER_NONNULL = YES;
				CLANG_ANALYZER_NUMBER_OBJECT_CONVERSION = YES_AGGRESSIVE;
				CLANG_CXX_LANGUAGE_STANDARD = "gnu++14";
				CLANG_CXX_LIBRARY = "libc++";
				CLANG_ENABLE_MODULES = YES;
				CLANG_ENABLE_OBJC_ARC = YES;
				CLANG_ENABLE_OBJC_WEAK = YES;
				CLANG_WARN_BLOCK_CAPTURE_AUTORELEASING = YES;
				CLANG_WARN_BOOL_CONVERSION = YES;
				CLANG_WARN_COMMA = YES;
				CLANG_WARN_CONSTANT_CONVERSION = YES;
				CLANG_WARN_DEPRECATED_OBJC_IMPLEMENTATIONS = YES;
				CLANG_WARN_DIRECT_OBJC_ISA_USAGE = YES_ERROR;
				CLANG_WARN_DOCUMENTATION_COMMENTS = YES;
				CLANG_WARN_EMPTY_BODY = YES;
				CLANG_WARN_ENUM_CONVERSION = YES;
				CLANG_WARN_INFINITE_RECURSION = YES;
				CLANG_WARN_INT_CONVERSION = YES;
				CLANG_WARN_NON_LITERAL_NULL_CONVERSION = YES;
				CLANG_WARN_OBJC_IMPLICIT_RETAIN_SELF = YES;
				CLANG_WARN_OBJC_LITERAL_CONVERSION = YES;
				CLANG_WARN_OBJC_ROOT_CLASS = YES_ERROR;
				CLANG_WARN_RANGE_LOOP_ANALYSIS = YES;
				CLANG_WARN_STRICT_PROTOTYPES = YES;
				CLANG_WARN_SUSPICIOUS_MOVE = YES;
				CLANG_WARN_UNGUARDED_AVAILABILITY = YES_AGGRESSIVE;
				CLANG_WARN_UNREACHABLE_CODE = YES;
				CLANG_WARN__DUPLICATE_METHOD_MATCH = YES;
				CODE_SIGN_IDENTITY = "iPhone Developer";
				COPY_PHASE_STRIP = NO;
				DEBUG_INFORMATION_FORMAT = "dwarf-with-dsym";
				ENABLE_NS_ASSERTIONS = NO;
				ENABLE_STRICT_OBJC_MSGSEND = YES;
				GCC_C_LANGUAGE_STANDARD = gnu11;
				GCC_NO_COMMON_BLOCKS = YES;
				GCC_WARN_64_TO_32_BIT_CONVERSION = YES;
				GCC_WARN_ABOUT_RETURN_TYPE = YES_ERROR;
				GCC_WARN_UNDECLARED_SELECTOR = YES;
				GCC_WARN_UNINITIALIZED_AUTOS = YES_AGGRESSIVE;
				GCC_WARN_UNUSED_FUNCTION = YES;
				GCC_WARN_UNUSED_VARIABLE = YES;
				IPHONEOS_DEPLOYMENT_TARGET = 12.1;
				MTL_ENABLE_DEBUG_INFO = NO;
				MTL_FAST_MATH = YES;
				SDKROOT = iphoneos;
				VALIDATE_PRODUCT = YES;
			};
			name = Release;
		};
		1744605F22F96D5500D33B82 /* Debug */ = {
			isa = XCBuildConfiguration;
			buildSettings = {
				ASSETCATALOG_COMPILER_APPICON_NAME = AppIcon;
				CODE_SIGN_STYLE = Automatic;
				INFOPLIST_FILE = CallFunction_base/Info.plist;
				LD_RUNPATH_SEARCH_PATHS = (
					"$(inherited)",
					"@executable_path/Frameworks",
				);
				PRODUCT_BUNDLE_IDENTIFIER = "Shae.CallFunction-base";
				PRODUCT_NAME = "$(TARGET_NAME)";
				TARGETED_DEVICE_FAMILY = "1,2";
			};
			name = Debug;
		};
		1744606022F96D5500D33B82 /* Release */ = {
			isa = XCBuildConfiguration;
			buildSettings = {
				ASSETCATALOG_COMPILER_APPICON_NAME = AppIcon;
				CODE_SIGN_STYLE = Automatic;
				INFOPLIST_FILE = CallFunction_base/Info.plist;
				LD_RUNPATH_SEARCH_PATHS = (
					"$(inherited)",
					"@executable_path/Frameworks",
				);
				PRODUCT_BUNDLE_IDENTIFIER = "Shae.CallFunction-base";
				PRODUCT_NAME = "$(TARGET_NAME)";
				TARGETED_DEVICE_FAMILY = "1,2";
			};
			name = Release;
		};
		1744606222F96D5500D33B82 /* Debug */ = {
			isa = XCBuildConfiguration;
			buildSettings = {
				BUNDLE_LOADER = "$(TEST_HOST)";
				CODE_SIGN_STYLE = Automatic;
				INFOPLIST_FILE = CallFunction_baseTests/Info.plist;
				LD_RUNPATH_SEARCH_PATHS = (
					"$(inherited)",
					"@executable_path/Frameworks",
					"@loader_path/Frameworks",
				);
				PRODUCT_BUNDLE_IDENTIFIER = "Shae.CallFunction-baseTests";
				PRODUCT_NAME = "$(TARGET_NAME)";
				TARGETED_DEVICE_FAMILY = "1,2";
				TEST_HOST = "$(BUILT_PRODUCTS_DIR)/CallFunction_base.app/CallFunction_base";
			};
			name = Debug;
		};
		1744606322F96D5500D33B82 /* Release */ = {
			isa = XCBuildConfiguration;
			buildSettings = {
				BUNDLE_LOADER = "$(TEST_HOST)";
				CODE_SIGN_STYLE = Automatic;
				INFOPLIST_FILE = CallFunction_baseTests/Info.plist;
				LD_RUNPATH_SEARCH_PATHS = (
					"$(inherited)",
					"@executable_path/Frameworks",
					"@loader_path/Frameworks",
				);
				PRODUCT_BUNDLE_IDENTIFIER = "Shae.CallFunction-baseTests";
				PRODUCT_NAME = "$(TARGET_NAME)";
				TARGETED_DEVICE_FAMILY = "1,2";
				TEST_HOST = "$(BUILT_PRODUCTS_DIR)/CallFunction_base.app/CallFunction_base";
			};
			name = Release;
		};
		1744606522F96D5500D33B82 /* Debug */ = {
			isa = XCBuildConfiguration;
			buildSettings = {
				CODE_SIGN_STYLE = Automatic;
				INFOPLIST_FILE = CallFunction_baseUITests/Info.plist;
				LD_RUNPATH_SEARCH_PATHS = (
					"$(inherited)",
					"@executable_path/Frameworks",
					"@loader_path/Frameworks",
				);
				PRODUCT_BUNDLE_IDENTIFIER = "Shae.CallFunction-baseUITests";
				PRODUCT_NAME = "$(TARGET_NAME)";
				TARGETED_DEVICE_FAMILY = "1,2";
				TEST_TARGET_NAME = CallFunction_base;
			};
			name = Debug;
		};
		1744606622F96D5500D33B82 /* Release */ = {
			isa = XCBuildConfiguration;
			buildSettings = {
				CODE_SIGN_STYLE = Automatic;
				INFOPLIST_FILE = CallFunction_baseUITests/Info.plist;
				LD_RUNPATH_SEARCH_PATHS = (
					"$(inherited)",
					"@executable_path/Frameworks",
					"@loader_path/Frameworks",
				);
				PRODUCT_BUNDLE_IDENTIFIER = "Shae.CallFunction-baseUITests";
				PRODUCT_NAME = "$(TARGET_NAME)";
				TARGETED_DEVICE_FAMILY = "1,2";
				TEST_TARGET_NAME = CallFunction_base;
			};
			name = Release;
		};
/* End XCBuildConfiguration section */

/* Begin XCConfigurationList section */
		1744602D22F96D5300D33B82 /* Build configuration list for PBXProject "CallFunction_base" */ = {
			isa = XCConfigurationList;
			buildConfigurations = (
				1744605C22F96D5500D33B82 /* Debug */,
				1744605D22F96D5500D33B82 /* Release */,
			);
			defaultConfigurationIsVisible = 0;
			defaultConfigurationName = Release;
		};
		1744605E22F96D5500D33B82 /* Build configuration list for PBXNativeTarget "CallFunction_base" */ = {
			isa = XCConfigurationList;
			buildConfigurations = (
				1744605F22F96D5500D33B82 /* Debug */,
				1744606022F96D5500D33B82 /* Release */,
			);
			defaultConfigurationIsVisible = 0;
			defaultConfigurationName = Release;
		};
		1744606122F96D5500D33B82 /* Build configuration list for PBXNativeTarget "CallFunction_baseTests" */ = {
			isa = XCConfigurationList;
			buildConfigurations = (
				1744606222F96D5500D33B82 /* Debug */,
				1744606322F96D5500D33B82 /* Release */,
			);
			defaultConfigurationIsVisible = 0;
			defaultConfigurationName = Release;
		};
		1744606422F96D5500D33B82 /* Build configuration list for PBXNativeTarget "CallFunction_baseUITests" */ = {
			isa = XCConfigurationList;
			buildConfigurations = (
				1744606522F96D5500D33B82 /* Debug */,
				1744606622F96D5500D33B82 /* Release */,
			);
			defaultConfigurationIsVisible = 0;
			defaultConfigurationName = Release;
		};
/* End XCConfigurationList section */
	};
	rootObject = 1744602A22F96D5300D33B82 /* Project object */;
}
